
Microsoft Visual Studio Solution File, Format Version 12.00
# Visual Studio Version 17
VisualStudioVersion = 17.5.002.0
MinimumVisualStudioVersion = 10.0.40219.1
Project("{9A19103F-16F7-4668-BE54-9A1E7A4F7556}") = "MonopolyKata", "MonopolyKata\MonopolyKata.csproj", "{AB243C5D-A5CC-4234-A653-0763AC5DCB02}"
EndProject
Project("{9A19103F-16F7-4668-BE54-9A1E7A4F7556}") = "MonopolyKataTests", "MonopolyKataTests\MonopolyKataTests.csproj", "{58BA8DB3-3679-4749-A9B9-10E006CC5CAD}"
EndProject
Global
	GlobalSection(SolutionConfigurationPlatforms) = preSolution
		Debug|Any CPU = Debug|Any CPU
		Release|Any CPU = Release|Any CPU
	EndGlobalSection
	GlobalSection(ProjectConfigurationPlatforms) = postSolution
		{AB243C5D-A5CC-4234-A653-0763AC5DCB02}.Debug|Any CPU.ActiveCfg = Debug|Any CPU
		{AB243C5D-A5CC-4234-A653-0763AC5DCB02}.Debug|Any CPU.Build.0 = Debug|Any CPU
		{AB243C5D-A5CC-4234-A653-0763AC5DCB02}.Release|Any CPU.ActiveCfg = Release|Any CPU
		{AB243C5D-A5CC-4234-A653-0763AC5DCB02}.Release|Any CPU.Build.0 = Release|Any CPU
		{58BA8DB3-3679-4749-A9B9-10E006CC5CAD}.Debug|Any CPU.ActiveCfg = Debug|Any CPU
		{58BA8DB3-3679-4749-A9B9-10E006CC5CAD}.Debug|Any CPU.Build.0 = Debug|Any CPU
		{58BA8DB3-3679-4749-A9B9-10E006CC5CAD}.Release|Any CPU.ActiveCfg = Release|Any CPU
		{58BA8DB3-3679-4749-A9B9-10E006CC5CAD}.Release|Any CPU.Build.0 = Release|Any CPU
	EndGlobalSection
	GlobalSection(SolutionProperties) = preSolution
		HideSolutionNode = FALSE
	EndGlobalSection
	GlobalSection(ExtensibilityGlobals) = postSolution
		SolutionGuid = {61D0EF76-4113-4EBA-9B88-D36AFCF1AA4E}
	EndGlobalSection
EndGlobal
